
Microsoft Visual Studio Solution File, Format Version 12.00
# Visual Studio 14
VisualStudioVersion = 14.0.23107.0
MinimumVisualStudioVersion = 10.0.40219.1
Project("{2150E333-8FDC-42A3-9474-1A3956D46DE8}") = "Data", "Data", "{34C51563-6DD2-4F42-B873-91D65DAEEC1B}"
EndProject
Project("{2150E333-8FDC-42A3-9474-1A3956D46DE8}") = "BusinessLogic", "BusinessLogic", "{01ABDE33-111D-4B06-94A4-CA42246F4635}"
EndProject
Project("{2150E333-8FDC-42A3-9474-1A3956D46DE8}") = "View", "View", "{0302632B-C0A5-42DE-B5F5-1EF3E52CDF15}"
EndProject
Project("{FAE04EC0-301F-11D3-BF4B-00C04F79EFBC}") = "Koontabi.Repository", "Koontabi.Repository\Koontabi.Repository.csproj", "{8799BDF8-E2DF-4DB6-8098-FF3AB2936013}"
EndProject
Project("{FAE04EC0-301F-11D3-BF4B-00C04F79EFBC}") = "Koontabi.BusinessLogic", "Koontabi.BusinessLogic\Koontabi.BusinessLogic.csproj", "{9280FEF0-BC10-45A2-AD14-16CD863BE795}"
EndProject
Project("{2150E333-8FDC-42A3-9474-1A3956D46DE8}") = "Domain", "Domain", "{4910A330-22B3-4944-B82C-AB6F1D2B4C1B}"
EndProject
Project("{FAE04EC0-301F-11D3-BF4B-00C04F79EFBC}") = "Koontabi.Domain", "Koontabi.Domain\Koontabi.Domain.csproj", "{607E3CB6-4C6E-429D-8DAF-183DAFBC3F38}"
EndProject
Project("{FAE04EC0-301F-11D3-BF4B-00C04F79EFBC}") = "KoontabiTelerikWinFormsApp", "KoontabiTelerikWinFormsApp\KoontabiTelerikWinFormsApp.csproj", "{D24E2C4D-8B82-4C24-82BB-1FA10A2744BE}"
EndProject
Project("{FAE04EC0-301F-11D3-BF4B-00C04F79EFBC}") = "Koontabi.Helpers", "Koontabi.Helpers\Koontabi.Helpers.csproj", "{B39CDF51-F124-4A20-BA87-9F0DBEEB7B79}"
EndProject
Project("{2150E333-8FDC-42A3-9474-1A3956D46DE8}") = "Helpers", "Helpers", "{24A96CFF-7681-45B6-859A-07F6D01A3EB2}"
EndProject
Project("{2150E333-8FDC-42A3-9474-1A3956D46DE8}") = "Report", "Report", "{19DFD58B-67E6-451D-ADA3-7888BAF6F3D0}"
EndProject
Project("{FAE04EC0-301F-11D3-BF4B-00C04F79EFBC}") = "Koontabi.Reporting", "Koontabi.Reporting\Koontabi.Reporting.csproj", "{B68DD7B5-8A4A-41E4-A53E-E7F320CDAA17}"
EndProject
Project("{2150E333-8FDC-42A3-9474-1A3956D46DE8}") = "Koontabi.KoonExceptions", "Koontabi.KoonExceptions", "{06345ABC-17C4-4935-A2B8-85231E6EA070}"
EndProject
Project("{FAE04EC0-301F-11D3-BF4B-00C04F79EFBC}") = "KoonException", "KoonException\KoonException.csproj", "{28C1DB78-2D95-46BF-916A-4EA159526373}"
EndProject
Global
	GlobalSection(SolutionConfigurationPlatforms) = preSolution
		CD_ROM|Any CPU = CD_ROM|Any CPU
		CD_ROM|Mixed Platforms = CD_ROM|Mixed Platforms
		CD_ROM|x86 = CD_ROM|x86
		Debug|Any CPU = Debug|Any CPU
		Debug|Mixed Platforms = Debug|Mixed Platforms
		Debug|x86 = Debug|x86
		DVD-5|Any CPU = DVD-5|Any CPU
		DVD-5|Mixed Platforms = DVD-5|Mixed Platforms
		DVD-5|x86 = DVD-5|x86
		Release|Any CPU = Release|Any CPU
		Release|Mixed Platforms = Release|Mixed Platforms
		Release|x86 = Release|x86
		SingleImage|Any CPU = SingleImage|Any CPU
		SingleImage|Mixed Platforms = SingleImage|Mixed Platforms
		SingleImage|x86 = SingleImage|x86
	EndGlobalSection
	GlobalSection(ProjectConfigurationPlatforms) = postSolution
		{8799BDF8-E2DF-4DB6-8098-FF3AB2936013}.CD_ROM|Any CPU.ActiveCfg = Release|Any CPU
		{8799BDF8-E2DF-4DB6-8098-FF3AB2936013}.CD_ROM|Any CPU.Build.0 = Release|Any CPU
		{8799BDF8-E2DF-4DB6-8098-FF3AB2936013}.CD_ROM|Mixed Platforms.ActiveCfg = Release|Any CPU
		{8799BDF8-E2DF-4DB6-8098-FF3AB2936013}.CD_ROM|Mixed Platforms.Build.0 = Release|Any CPU
		{8799BDF8-E2DF-4DB6-8098-FF3AB2936013}.CD_ROM|x86.ActiveCfg = Release|Any CPU
		{8799BDF8-E2DF-4DB6-8098-FF3AB2936013}.Debug|Any CPU.ActiveCfg = Debug|Any CPU
		{8799BDF8-E2DF-4DB6-8098-FF3AB2936013}.Debug|Any CPU.Build.0 = Debug|Any CPU
		{8799BDF8-E2DF-4DB6-8098-FF3AB2936013}.Debug|Mixed Platforms.ActiveCfg = Debug|Any CPU
		{8799BDF8-E2DF-4DB6-8098-FF3AB2936013}.Debug|Mixed Platforms.Build.0 = Debug|Any CPU
		{8799BDF8-E2DF-4DB6-8098-FF3AB2936013}.Debug|x86.ActiveCfg = Debug|Any CPU
		{8799BDF8-E2DF-4DB6-8098-FF3AB2936013}.Debug|x86.Build.0 = Debug|Any CPU
		{8799BDF8-E2DF-4DB6-8098-FF3AB2936013}.DVD-5|Any CPU.ActiveCfg = Debug|Any CPU
		{8799BDF8-E2DF-4DB6-8098-FF3AB2936013}.DVD-5|Any CPU.Build.0 = Debug|Any CPU
		{8799BDF8-E2DF-4DB6-8098-FF3AB2936013}.DVD-5|Mixed Platforms.ActiveCfg = Debug|Any CPU
		{8799BDF8-E2DF-4DB6-8098-FF3AB2936013}.DVD-5|Mixed Platforms.Build.0 = Debug|Any CPU
		{8799BDF8-E2DF-4DB6-8098-FF3AB2936013}.DVD-5|x86.ActiveCfg = Debug|Any CPU
		{8799BDF8-E2DF-4DB6-8098-FF3AB2936013}.Release|Any CPU.ActiveCfg = Release|Any CPU
		{8799BDF8-E2DF-4DB6-8098-FF3AB2936013}.Release|Any CPU.Build.0 = Release|Any CPU
		{8799BDF8-E2DF-4DB6-8098-FF3AB2936013}.Release|Mixed Platforms.ActiveCfg = Release|Any CPU
		{8799BDF8-E2DF-4DB6-8098-FF3AB2936013}.Release|Mixed Platforms.Build.0 = Release|Any CPU
		{8799BDF8-E2DF-4DB6-8098-FF3AB2936013}.Release|x86.ActiveCfg = Release|Any CPU
		{8799BDF8-E2DF-4DB6-8098-FF3AB2936013}.Release|x86.Build.0 = Release|Any CPU
		{8799BDF8-E2DF-4DB6-8098-FF3AB2936013}.SingleImage|Any CPU.ActiveCfg = Release|Any CPU
		{8799BDF8-E2DF-4DB6-8098-FF3AB2936013}.SingleImage|Any CPU.Build.0 = Release|Any CPU
		{8799BDF8-E2DF-4DB6-8098-FF3AB2936013}.SingleImage|Mixed Platforms.ActiveCfg = Release|Any CPU
		{8799BDF8-E2DF-4DB6-8098-FF3AB2936013}.SingleImage|Mixed Platforms.Build.0 = Release|Any CPU
		{8799BDF8-E2DF-4DB6-8098-FF3AB2936013}.SingleImage|x86.ActiveCfg = Release|Any CPU
		{9280FEF0-BC10-45A2-AD14-16CD863BE795}.CD_ROM|Any CPU.ActiveCfg = Release|Any CPU
		{9280FEF0-BC10-45A2-AD14-16CD863BE795}.CD_ROM|Any CPU.Build.0 = Release|Any CPU
		{9280FEF0-BC10-45A2-AD14-16CD863BE795}.CD_ROM|Mixed Platforms.ActiveCfg = Release|Any CPU
		{9280FEF0-BC10-45A2-AD14-16CD863BE795}.CD_ROM|Mixed Platforms.Build.0 = Release|Any CPU
		{9280FEF0-BC10-45A2-AD14-16CD863BE795}.CD_ROM|x86.ActiveCfg = Release|Any CPU
		{9280FEF0-BC10-45A2-AD14-16CD863BE795}.Debug|Any CPU.ActiveCfg = Debug|Any CPU
		{9280FEF0-BC10-45A2-AD14-16CD863BE795}.Debug|Any CPU.Build.0 = Debug|Any CPU
		{9280FEF0-BC10-45A2-AD14-16CD863BE795}.Debug|Mixed Platforms.ActiveCfg = Debug|Any CPU
		{9280FEF0-BC10-45A2-AD14-16CD863BE795}.Debug|Mixed Platforms.Build.0 = Debug|Any CPU
		{9280FEF0-BC10-45A2-AD14-16CD863BE795}.Debug|x86.ActiveCfg = Debug|Any CPU
		{9280FEF0-BC10-45A2-AD14-16CD863BE795}.Debug|x86.Build.0 = Debug|Any CPU
		{9280FEF0-BC10-45A2-AD14-16CD863BE795}.DVD-5|Any CPU.ActiveCfg = Debug|Any CPU
		{9280FEF0-BC10-45A2-AD14-16CD863BE795}.DVD-5|Any CPU.Build.0 = Debug|Any CPU
		{9280FEF0-BC10-45A2-AD14-16CD863BE795}.DVD-5|Mixed Platforms.ActiveCfg = Debug|Any CPU
		{9280FEF0-BC10-45A2-AD14-16CD863BE795}.DVD-5|Mixed Platforms.Build.0 = Debug|Any CPU
		{9280FEF0-BC10-45A2-AD14-16CD863BE795}.DVD-5|x86.ActiveCfg = Debug|Any CPU
		{9280FEF0-BC10-45A2-AD14-16CD863BE795}.Release|Any CPU.ActiveCfg = Release|Any CPU
		{9280FEF0-BC10-45A2-AD14-16CD863BE795}.Release|Any CPU.Build.0 = Release|Any CPU
		{9280FEF0-BC10-45A2-AD14-16CD863BE795}.Release|Mixed Platforms.ActiveCfg = Release|Any CPU
		{9280FEF0-BC10-45A2-AD14-16CD863BE795}.Release|Mixed Platforms.Build.0 = Release|Any CPU
		{9280FEF0-BC10-45A2-AD14-16CD863BE795}.Release|x86.ActiveCfg = Release|Any CPU
		{9280FEF0-BC10-45A2-AD14-16CD863BE795}.Release|x86.Build.0 = Release|Any CPU
		{9280FEF0-BC10-45A2-AD14-16CD863BE795}.SingleImage|Any CPU.ActiveCfg = Release|Any CPU
		{9280FEF0-BC10-45A2-AD14-16CD863BE795}.SingleImage|Any CPU.Build.0 = Release|Any CPU
		{9280FEF0-BC10-45A2-AD14-16CD863BE795}.SingleImage|Mixed Platforms.ActiveCfg = Release|Any CPU
		{9280FEF0-BC10-45A2-AD14-16CD863BE795}.SingleImage|Mixed Platforms.Build.0 = Release|Any CPU
		{9280FEF0-BC10-45A2-AD14-16CD863BE795}.SingleImage|x86.ActiveCfg = Release|Any CPU
		{607E3CB6-4C6E-429D-8DAF-183DAFBC3F38}.CD_ROM|Any CPU.ActiveCfg = Release|Any CPU
		{607E3CB6-4C6E-429D-8DAF-183DAFBC3F38}.CD_ROM|Any CPU.Build.0 = Release|Any CPU
		{607E3CB6-4C6E-429D-8DAF-183DAFBC3F38}.CD_ROM|Mixed Platforms.ActiveCfg = Release|Any CPU
		{607E3CB6-4C6E-429D-8DAF-183DAFBC3F38}.CD_ROM|Mixed Platforms.Build.0 = Release|Any CPU
		{607E3CB6-4C6E-429D-8DAF-183DAFBC3F38}.CD_ROM|x86.ActiveCfg = Release|Any CPU
		{607E3CB6-4C6E-429D-8DAF-183DAFBC3F38}.Debug|Any CPU.ActiveCfg = Debug|Any CPU
		{607E3CB6-4C6E-429D-8DAF-183DAFBC3F38}.Debug|Any CPU.Build.0 = Debug|Any CPU
		{607E3CB6-4C6E-429D-8DAF-183DAFBC3F38}.Debug|Mixed Platforms.ActiveCfg = Debug|Any CPU
		{607E3CB6-4C6E-429D-8DAF-183DAFBC3F38}.Debug|Mixed Platforms.Build.0 = Debug|Any CPU
		{607E3CB6-4C6E-429D-8DAF-183DAFBC3F38}.Debug|x86.ActiveCfg = Debug|Any CPU
		{607E3CB6-4C6E-429D-8DAF-183DAFBC3F38}.Debug|x86.Build.0 = Debug|Any CPU
		{607E3CB6-4C6E-429D-8DAF-183DAFBC3F38}.DVD-5|Any CPU.ActiveCfg = Debug|Any CPU
		{607E3CB6-4C6E-429D-8DAF-183DAFBC3F38}.DVD-5|Any CPU.Build.0 = Debug|Any CPU
		{607E3CB6-4C6E-429D-8DAF-183DAFBC3F38}.DVD-5|Mixed Platforms.ActiveCfg = Debug|Any CPU
		{607E3CB6-4C6E-429D-8DAF-183DAFBC3F38}.DVD-5|Mixed Platforms.Build.0 = Debug|Any CPU
		{607E3CB6-4C6E-429D-8DAF-183DAFBC3F38}.DVD-5|x86.ActiveCfg = Debug|Any CPU
		{607E3CB6-4C6E-429D-8DAF-183DAFBC3F38}.Release|Any CPU.ActiveCfg = Release|Any CPU
		{607E3CB6-4C6E-429D-8DAF-183DAFBC3F38}.Release|Any CPU.Build.0 = Release|Any CPU
		{607E3CB6-4C6E-429D-8DAF-183DAFBC3F38}.Release|Mixed Platforms.ActiveCfg = Release|Any CPU
		{607E3CB6-4C6E-429D-8DAF-183DAFBC3F38}.Release|Mixed Platforms.Build.0 = Release|Any CPU
		{607E3CB6-4C6E-429D-8DAF-183DAFBC3F38}.Release|x86.ActiveCfg = Release|Any CPU
		{607E3CB6-4C6E-429D-8DAF-183DAFBC3F38}.Release|x86.Build.0 = Release|Any CPU
		{607E3CB6-4C6E-429D-8DAF-183DAFBC3F38}.SingleImage|Any CPU.ActiveCfg = Release|Any CPU
		{607E3CB6-4C6E-429D-8DAF-183DAFBC3F38}.SingleImage|Any CPU.Build.0 = Release|Any CPU
		{607E3CB6-4C6E-429D-8DAF-183DAFBC3F38}.SingleImage|Mixed Platforms.ActiveCfg = Release|Any CPU
		{607E3CB6-4C6E-429D-8DAF-183DAFBC3F38}.SingleImage|Mixed Platforms.Build.0 = Release|Any CPU
		{607E3CB6-4C6E-429D-8DAF-183DAFBC3F38}.SingleImage|x86.ActiveCfg = Release|Any CPU
		{D24E2C4D-8B82-4C24-82BB-1FA10A2744BE}.CD_ROM|Any CPU.ActiveCfg = Release|x86
		{D24E2C4D-8B82-4C24-82BB-1FA10A2744BE}.CD_ROM|Mixed Platforms.ActiveCfg = Release|x86
		{D24E2C4D-8B82-4C24-82BB-1FA10A2744BE}.CD_ROM|Mixed Platforms.Build.0 = Release|x86
		{D24E2C4D-8B82-4C24-82BB-1FA10A2744BE}.CD_ROM|x86.ActiveCfg = Release|x86
		{D24E2C4D-8B82-4C24-82BB-1FA10A2744BE}.CD_ROM|x86.Build.0 = Release|x86
		{D24E2C4D-8B82-4C24-82BB-1FA10A2744BE}.Debug|Any CPU.ActiveCfg = Debug|x86
		{D24E2C4D-8B82-4C24-82BB-1FA10A2744BE}.Debug|Any CPU.Build.0 = Debug|x86
		{D24E2C4D-8B82-4C24-82BB-1FA10A2744BE}.Debug|Mixed Platforms.ActiveCfg = Debug|x86
		{D24E2C4D-8B82-4C24-82BB-1FA10A2744BE}.Debug|Mixed Platforms.Build.0 = Debug|x86
		{D24E2C4D-8B82-4C24-82BB-1FA10A2744BE}.Debug|x86.ActiveCfg = Debug|x86
		{D24E2C4D-8B82-4C24-82BB-1FA10A2744BE}.Debug|x86.Build.0 = Debug|x86
		{D24E2C4D-8B82-4C24-82BB-1FA10A2744BE}.DVD-5|Any CPU.ActiveCfg = Debug|x86
		{D24E2C4D-8B82-4C24-82BB-1FA10A2744BE}.DVD-5|Mixed Platforms.ActiveCfg = Debug|x86
		{D24E2C4D-8B82-4C24-82BB-1FA10A2744BE}.DVD-5|Mixed Platforms.Build.0 = Debug|x86
		{D24E2C4D-8B82-4C24-82BB-1FA10A2744BE}.DVD-5|x86.ActiveCfg = Debug|x86
		{D24E2C4D-8B82-4C24-82BB-1FA10A2744BE}.DVD-5|x86.Build.0 = Debug|x86
		{D24E2C4D-8B82-4C24-82BB-1FA10A2744BE}.Release|Any CPU.ActiveCfg = Release|x86
		{D24E2C4D-8B82-4C24-82BB-1FA10A2744BE}.Release|Mixed Platforms.ActiveCfg = Release|x86
		{D24E2C4D-8B82-4C24-82BB-1FA10A2744BE}.Release|Mixed Platforms.Build.0 = Release|x86
		{D24E2C4D-8B82-4C24-82BB-1FA10A2744BE}.Release|x86.ActiveCfg = Release|x86
		{D24E2C4D-8B82-4C24-82BB-1FA10A2744BE}.Release|x86.Build.0 = Release|x86
		{D24E2C4D-8B82-4C24-82BB-1FA10A2744BE}.SingleImage|Any CPU.ActiveCfg = Release|x86
		{D24E2C4D-8B82-4C24-82BB-1FA10A2744BE}.SingleImage|Mixed Platforms.ActiveCfg = Release|x86
		{D24E2C4D-8B82-4C24-82BB-1FA10A2744BE}.SingleImage|Mixed Platforms.Build.0 = Release|x86
		{D24E2C4D-8B82-4C24-82BB-1FA10A2744BE}.SingleImage|x86.ActiveCfg = Release|x86
		{D24E2C4D-8B82-4C24-82BB-1FA10A2744BE}.SingleImage|x86.Build.0 = Release|x86
		{B39CDF51-F124-4A20-BA87-9F0DBEEB7B79}.CD_ROM|Any CPU.ActiveCfg = Release|Any CPU
		{B39CDF51-F124-4A20-BA87-9F0DBEEB7B79}.CD_ROM|Any CPU.Build.0 = Release|Any CPU
		{B39CDF51-F124-4A20-BA87-9F0DBEEB7B79}.CD_ROM|Mixed Platforms.ActiveCfg = Release|Any CPU
		{B39CDF51-F124-4A20-BA87-9F0DBEEB7B79}.CD_ROM|Mixed Platforms.Build.0 = Release|Any CPU
		{B39CDF51-F124-4A20-BA87-9F0DBEEB7B79}.CD_ROM|x86.ActiveCfg = Release|Any CPU
		{B39CDF51-F124-4A20-BA87-9F0DBEEB7B79}.Debug|Any CPU.ActiveCfg = Debug|Any CPU
		{B39CDF51-F124-4A20-BA87-9F0DBEEB7B79}.Debug|Any CPU.Build.0 = Debug|Any CPU
		{B39CDF51-F124-4A20-BA87-9F0DBEEB7B79}.Debug|Mixed Platforms.ActiveCfg = Debug|Any CPU
		{B39CDF51-F124-4A20-BA87-9F0DBEEB7B79}.Debug|Mixed Platforms.Build.0 = Debug|Any CPU
		{B39CDF51-F124-4A20-BA87-9F0DBEEB7B79}.Debug|x86.ActiveCfg = Debug|Any CPU
		{B39CDF51-F124-4A20-BA87-9F0DBEEB7B79}.Debug|x86.Build.0 = Debug|Any CPU
		{B39CDF51-F124-4A20-BA87-9F0DBEEB7B79}.DVD-5|Any CPU.ActiveCfg = Debug|Any CPU
		{B39CDF51-F124-4A20-BA87-9F0DBEEB7B79}.DVD-5|Any CPU.Build.0 = Debug|Any CPU
		{B39CDF51-F124-4A20-BA87-9F0DBEEB7B79}.DVD-5|Mixed Platforms.ActiveCfg = Debug|Any CPU
		{B39CDF51-F124-4A20-BA87-9F0DBEEB7B79}.DVD-5|Mixed Platforms.Build.0 = Debug|Any CPU
		{B39CDF51-F124-4A20-BA87-9F0DBEEB7B79}.DVD-5|x86.ActiveCfg = Debug|Any CPU
		{B39CDF51-F124-4A20-BA87-9F0DBEEB7B79}.Release|Any CPU.ActiveCfg = Release|Any CPU
		{B39CDF51-F124-4A20-BA87-9F0DBEEB7B79}.Release|Any CPU.Build.0 = Release|Any CPU
		{B39CDF51-F124-4A20-BA87-9F0DBEEB7B79}.Release|Mixed Platforms.ActiveCfg = Release|Any CPU
		{B39CDF51-F124-4A20-BA87-9F0DBEEB7B79}.Release|Mixed Platforms.Build.0 = Release|Any CPU
		{B39CDF51-F124-4A20-BA87-9F0DBEEB7B79}.Release|x86.ActiveCfg = Release|Any CPU
		{B39CDF51-F124-4A20-BA87-9F0DBEEB7B79}.Release|x86.Build.0 = Release|Any CPU
		{B39CDF51-F124-4A20-BA87-9F0DBEEB7B79}.SingleImage|Any CPU.ActiveCfg = Release|Any CPU
		{B39CDF51-F124-4A20-BA87-9F0DBEEB7B79}.SingleImage|Any CPU.Build.0 = Release|Any CPU
		{B39CDF51-F124-4A20-BA87-9F0DBEEB7B79}.SingleImage|Mixed Platforms.ActiveCfg = Release|Any CPU
		{B39CDF51-F124-4A20-BA87-9F0DBEEB7B79}.SingleImage|Mixed Platforms.Build.0 = Release|Any CPU
		{B39CDF51-F124-4A20-BA87-9F0DBEEB7B79}.SingleImage|x86.ActiveCfg = Release|Any CPU
		{B68DD7B5-8A4A-41E4-A53E-E7F320CDAA17}.CD_ROM|Any CPU.ActiveCfg = Release|Any CPU
		{B68DD7B5-8A4A-41E4-A53E-E7F320CDAA17}.CD_ROM|Any CPU.Build.0 = Release|Any CPU
		{B68DD7B5-8A4A-41E4-A53E-E7F320CDAA17}.CD_ROM|Mixed Platforms.ActiveCfg = Release|Any CPU
		{B68DD7B5-8A4A-41E4-A53E-E7F320CDAA17}.CD_ROM|Mixed Platforms.Build.0 = Release|Any CPU
		{B68DD7B5-8A4A-41E4-A53E-E7F320CDAA17}.CD_ROM|x86.ActiveCfg = Release|Any CPU
		{B68DD7B5-8A4A-41E4-A53E-E7F320CDAA17}.Debug|Any CPU.ActiveCfg = Debug|Any CPU
		{B68DD7B5-8A4A-41E4-A53E-E7F320CDAA17}.Debug|Any CPU.Build.0 = Debug|Any CPU
		{B68DD7B5-8A4A-41E4-A53E-E7F320CDAA17}.Debug|Mixed Platforms.ActiveCfg = Debug|Any CPU
		{B68DD7B5-8A4A-41E4-A53E-E7F320CDAA17}.Debug|Mixed Platforms.Build.0 = Debug|Any CPU
		{B68DD7B5-8A4A-41E4-A53E-E7F320CDAA17}.Debug|x86.ActiveCfg = Debug|Any CPU
		{B68DD7B5-8A4A-41E4-A53E-E7F320CDAA17}.Debug|x86.Build.0 = Debug|Any CPU
		{B68DD7B5-8A4A-41E4-A53E-E7F320CDAA17}.DVD-5|Any CPU.ActiveCfg = Debug|Any CPU
		{B68DD7B5-8A4A-41E4-A53E-E7F320CDAA17}.DVD-5|Any CPU.Build.0 = Debug|Any CPU
		{B68DD7B5-8A4A-41E4-A53E-E7F320CDAA17}.DVD-5|Mixed Platforms.ActiveCfg = Debug|Any CPU
		{B68DD7B5-8A4A-41E4-A53E-E7F320CDAA17}.DVD-5|Mixed Platforms.Build.0 = Debug|Any CPU
		{B68DD7B5-8A4A-41E4-A53E-E7F320CDAA17}.DVD-5|x86.ActiveCfg = Debug|Any CPU
		{B68DD7B5-8A4A-41E4-A53E-E7F320CDAA17}.Release|Any CPU.ActiveCfg = Release|Any CPU
		{B68DD7B5-8A4A-41E4-A53E-E7F320CDAA17}.Release|Any CPU.Build.0 = Release|Any CPU
		{B68DD7B5-8A4A-41E4-A53E-E7F320CDAA17}.Release|Mixed Platforms.ActiveCfg = Release|Any CPU
		{B68DD7B5-8A4A-41E4-A53E-E7F320CDAA17}.Release|Mixed Platforms.Build.0 = Release|Any CPU
		{B68DD7B5-8A4A-41E4-A53E-E7F320CDAA17}.Release|x86.ActiveCfg = Release|Any CPU
		{B68DD7B5-8A4A-41E4-A53E-E7F320CDAA17}.Release|x86.Build.0 = Release|Any CPU
		{B68DD7B5-8A4A-41E4-A53E-E7F320CDAA17}.SingleImage|Any CPU.ActiveCfg = Release|Any CPU
		{B68DD7B5-8A4A-41E4-A53E-E7F320CDAA17}.SingleImage|Any CPU.Build.0 = Release|Any CPU
		{B68DD7B5-8A4A-41E4-A53E-E7F320CDAA17}.SingleImage|Mixed Platforms.ActiveCfg = Release|Any CPU
		{B68DD7B5-8A4A-41E4-A53E-E7F320CDAA17}.SingleImage|Mixed Platforms.Build.0 = Release|Any CPU
		{B68DD7B5-8A4A-41E4-A53E-E7F320CDAA17}.SingleImage|x86.ActiveCfg = Release|Any CPU
		{28C1DB78-2D95-46BF-916A-4EA159526373}.CD_ROM|Any CPU.ActiveCfg = Release|Any CPU
		{28C1DB78-2D95-46BF-916A-4EA159526373}.CD_ROM|Any CPU.Build.0 = Release|Any CPU
		{28C1DB78-2D95-46BF-916A-4EA159526373}.CD_ROM|Mixed Platforms.ActiveCfg = Release|Any CPU
		{28C1DB78-2D95-46BF-916A-4EA159526373}.CD_ROM|Mixed Platforms.Build.0 = Release|Any CPU
		{28C1DB78-2D95-46BF-916A-4EA159526373}.CD_ROM|x86.ActiveCfg = Release|Any CPU
		{28C1DB78-2D95-46BF-916A-4EA159526373}.CD_ROM|x86.Build.0 = Release|Any CPU
		{28C1DB78-2D95-46BF-916A-4EA159526373}.Debug|Any CPU.ActiveCfg = Debug|Any CPU
		{28C1DB78-2D95-46BF-916A-4EA159526373}.Debug|Any CPU.Build.0 = Debug|Any CPU
		{28C1DB78-2D95-46BF-916A-4EA159526373}.Debug|Mixed Platforms.ActiveCfg = Debug|Any CPU
		{28C1DB78-2D95-46BF-916A-4EA159526373}.Debug|Mixed Platforms.Build.0 = Debug|Any CPU
		{28C1DB78-2D95-46BF-916A-4EA159526373}.Debug|x86.ActiveCfg = Debug|Any CPU
		{28C1DB78-2D95-46BF-916A-4EA159526373}.Debug|x86.Build.0 = Debug|Any CPU
		{28C1DB78-2D95-46BF-916A-4EA159526373}.DVD-5|Any CPU.ActiveCfg = Debug|Any CPU
		{28C1DB78-2D95-46BF-916A-4EA159526373}.DVD-5|Any CPU.Build.0 = Debug|Any CPU
		{28C1DB78-2D95-46BF-916A-4EA159526373}.DVD-5|Mixed Platforms.ActiveCfg = Debug|Any CPU
		{28C1DB78-2D95-46BF-916A-4EA159526373}.DVD-5|Mixed Platforms.Build.0 = Debug|Any CPU
		{28C1DB78-2D95-46BF-916A-4EA159526373}.DVD-5|x86.ActiveCfg = Debug|Any CPU
		{28C1DB78-2D95-46BF-916A-4EA159526373}.DVD-5|x86.Build.0 = Debug|Any CPU
		{28C1DB78-2D95-46BF-916A-4EA159526373}.Release|Any CPU.ActiveCfg = Release|Any CPU
		{28C1DB78-2D95-46BF-916A-4EA159526373}.Release|Any CPU.Build.0 = Release|Any CPU
		{28C1DB78-2D95-46BF-916A-4EA159526373}.Release|Mixed Platforms.ActiveCfg = Release|Any CPU
		{28C1DB78-2D95-46BF-916A-4EA159526373}.Release|Mixed Platforms.Build.0 = Release|Any CPU
		{28C1DB78-2D95-46BF-916A-4EA159526373}.Release|x86.ActiveCfg = Release|Any CPU
		{28C1DB78-2D95-46BF-916A-4EA159526373}.Release|x86.Build.0 = Release|Any CPU
		{28C1DB78-2D95-46BF-916A-4EA159526373}.SingleImage|Any CPU.ActiveCfg = Release|Any CPU
		{28C1DB78-2D95-46BF-916A-4EA159526373}.SingleImage|Any CPU.Build.0 = Release|Any CPU
		{28C1DB78-2D95-46BF-916A-4EA159526373}.SingleImage|Mixed Platforms.ActiveCfg = Release|Any CPU
		{28C1DB78-2D95-46BF-916A-4EA159526373}.SingleImage|Mixed Platforms.Build.0 = Release|Any CPU
		{28C1DB78-2D95-46BF-916A-4EA159526373}.SingleImage|x86.ActiveCfg = Release|Any CPU
		{28C1DB78-2D95-46BF-916A-4EA159526373}.SingleImage|x86.Build.0 = Release|Any CPU
	EndGlobalSection
	GlobalSection(SolutionProperties) = preSolution
		HideSolutionNode = FALSE
	EndGlobalSection
	GlobalSection(NestedProjects) = preSolution
		{8799BDF8-E2DF-4DB6-8098-FF3AB2936013} = {34C51563-6DD2-4F42-B873-91D65DAEEC1B}
		{9280FEF0-BC10-45A2-AD14-16CD863BE795} = {01ABDE33-111D-4B06-94A4-CA42246F4635}
		{607E3CB6-4C6E-429D-8DAF-183DAFBC3F38} = {4910A330-22B3-4944-B82C-AB6F1D2B4C1B}
		{D24E2C4D-8B82-4C24-82BB-1FA10A2744BE} = {0302632B-C0A5-42DE-B5F5-1EF3E52CDF15}
		{B39CDF51-F124-4A20-BA87-9F0DBEEB7B79} = {24A96CFF-7681-45B6-859A-07F6D01A3EB2}
		{B68DD7B5-8A4A-41E4-A53E-E7F320CDAA17} = {19DFD58B-67E6-451D-ADA3-7888BAF6F3D0}
		{28C1DB78-2D95-46BF-916A-4EA159526373} = {06345ABC-17C4-4935-A2B8-85231E6EA070}
	EndGlobalSection
EndGlobal
